// !$*UTF8*$!
{
	archiveVersion = 1;
	classes = {
	};
	objectVersion = 77;
	objects = {

/* Begin PBXBuildFile section */
		DD6BEA6F2CE3D782001262E3 /* Inject in Frameworks */ = {isa = PBXBuildFile; productRef = DD6BEA6E2CE3D782001262E3 /* Inject */; };
		DDA28F362CECDAEE003DC47E /* FSCalendar in Frameworks */ = {isa = PBXBuildFile; productRef = DDA28F352CECDAEE003DC47E /* FSCalendar */; };
/* End PBXBuildFile section */

/* Begin PBXContainerItemProxy section */
		DDEF1D032CA2C1F700B909CE /* PBXContainerItemProxy */ = {
			isa = PBXContainerItemProxy;
			containerPortal = DDEF1CE42CA2C1F600B909CE /* Project object */;
			proxyType = 1;
			remoteGlobalIDString = DDEF1CEB2CA2C1F600B909CE;
			remoteInfo = TimePad;
		};
		DDEF1D0D2CA2C1F700B909CE /* PBXContainerItemProxy */ = {
			isa = PBXContainerItemProxy;
			containerPortal = DDEF1CE42CA2C1F600B909CE /* Project object */;
			proxyType = 1;
			remoteGlobalIDString = DDEF1CEB2CA2C1F600B909CE;
			remoteInfo = TimePad;
		};
/* End PBXContainerItemProxy section */

/* Begin PBXFileReference section */
		DDEF1CEC2CA2C1F600B909CE /* TimePad.app */ = {isa = PBXFileReference; explicitFileType = wrapper.application; includeInIndex = 0; path = TimePad.app; sourceTree = BUILT_PRODUCTS_DIR; };
		DDEF1D022CA2C1F700B909CE /* TimePadTests.xctest */ = {isa = PBXFileReference; explicitFileType = wrapper.cfbundle; includeInIndex = 0; path = TimePadTests.xctest; sourceTree = BUILT_PRODUCTS_DIR; };
		DDEF1D0C2CA2C1F700B909CE /* TimePadUITests.xctest */ = {isa = PBXFileReference; explicitFileType = wrapper.cfbundle; includeInIndex = 0; path = TimePadUITests.xctest; sourceTree = BUILT_PRODUCTS_DIR; };
/* End PBXFileReference section */

/* Begin PBXFileSystemSynchronizedBuildFileExceptionSet section */
		DDEF1D142CA2C1F700B909CE /* Exceptions for "TimePad" folder in "TimePad" target */ = {
			isa = PBXFileSystemSynchronizedBuildFileExceptionSet;
			membershipExceptions = (
				Info.plist,
			);
			target = DDEF1CEB2CA2C1F600B909CE /* TimePad */;
		};
/* End PBXFileSystemSynchronizedBuildFileExceptionSet section */

/* Begin PBXFileSystemSynchronizedRootGroup section */
		DDEF1CEE2CA2C1F600B909CE /* TimePad */ = {
			isa = PBXFileSystemSynchronizedRootGroup;
			exceptions = (
				DDEF1D142CA2C1F700B909CE /* Exceptions for "TimePad" folder in "TimePad" target */,
			);
			path = TimePad;
			sourceTree = "<group>";
		};
		DDEF1D052CA2C1F700B909CE /* TimePadTests */ = {
			isa = PBXFileSystemSynchronizedRootGroup;
			path = TimePadTests;
			sourceTree = "<group>";
		};
		DDEF1D0F2CA2C1F700B909CE /* TimePadUITests */ = {
			isa = PBXFileSystemSynchronizedRootGroup;
			path = TimePadUITests;
			sourceTree = "<group>";
		};
/* End PBXFileSystemSynchronizedRootGroup section */

/* Begin PBXFrameworksBuildPhase section */
		DDEF1CE92CA2C1F600B909CE /* Frameworks */ = {
			isa = PBXFrameworksBuildPhase;
			buildActionMask = 2147483647;
			files = (
				DD6BEA6F2CE3D782001262E3 /* Inject in Frameworks */,
				DDA28F362CECDAEE003DC47E /* FSCalendar in Frameworks */,
			);
			runOnlyForDeploymentPostprocessing = 0;
		};
		DDEF1CFF2CA2C1F700B909CE /* Frameworks */ = {
			isa = PBXFrameworksBuildPhase;
			buildActionMask = 2147483647;
			files = (
			);
			runOnlyForDeploymentPostprocessing = 0;
		};
		DDEF1D092CA2C1F700B909CE /* Frameworks */ = {
			isa = PBXFrameworksBuildPhase;
			buildActionMask = 2147483647;
			files = (
			);
			runOnlyForDeploymentPostprocessing = 0;
		};
/* End PBXFrameworksBuildPhase section */

/* Begin PBXGroup section */
		DDEF1CE32CA2C1F600B909CE = {
			isa = PBXGroup;
			children = (
				DDEF1CEE2CA2C1F600B909CE /* TimePad */,
				DDEF1D052CA2C1F700B909CE /* TimePadTests */,
				DDEF1D0F2CA2C1F700B909CE /* TimePadUITests */,
				DDEF1CED2CA2C1F600B909CE /* Products */,
			);
			sourceTree = "<group>";
		};
		DDEF1CED2CA2C1F600B909CE /* Products */ = {
			isa = PBXGroup;
			children = (
				DDEF1CEC2CA2C1F600B909CE /* TimePad.app */,
				DDEF1D022CA2C1F700B909CE /* TimePadTests.xctest */,
				DDEF1D0C2CA2C1F700B909CE /* TimePadUITests.xctest */,
			);
			name = Products;
			sourceTree = "<group>";
		};
/* End PBXGroup section */

/* Begin PBXNativeTarget section */
		DDEF1CEB2CA2C1F600B909CE /* TimePad */ = {
			isa = PBXNativeTarget;
			buildConfigurationList = DDEF1D152CA2C1F700B909CE /* Build configuration list for PBXNativeTarget "TimePad" */;
			buildPhases = (
				DDEF1CE82CA2C1F600B909CE /* Sources */,
				DDEF1CE92CA2C1F600B909CE /* Frameworks */,
				DDEF1CEA2CA2C1F600B909CE /* Resources */,
			);
			buildRules = (
			);
			dependencies = (
			);
			fileSystemSynchronizedGroups = (
				DDEF1CEE2CA2C1F600B909CE /* TimePad */,
			);
			name = TimePad;
			packageProductDependencies = (
				DD6BEA6E2CE3D782001262E3 /* Inject */,
				DDA28F352CECDAEE003DC47E /* FSCalendar */,
			);
			productName = TimePad;
			productReference = DDEF1CEC2CA2C1F600B909CE /* TimePad.app */;
			productType = "com.apple.product-type.application";
		};
		DDEF1D012CA2C1F700B909CE /* TimePadTests */ = {
			isa = PBXNativeTarget;
			buildConfigurationList = DDEF1D1A2CA2C1F700B909CE /* Build configuration list for PBXNativeTarget "TimePadTests" */;
			buildPhases = (
				DDEF1CFE2CA2C1F700B909CE /* Sources */,
				DDEF1CFF2CA2C1F700B909CE /* Frameworks */,
				DDEF1D002CA2C1F700B909CE /* Resources */,
			);
			buildRules = (
			);
			dependencies = (
				DDEF1D042CA2C1F700B909CE /* PBXTargetDependency */,
			);
			fileSystemSynchronizedGroups = (
				DDEF1D052CA2C1F700B909CE /* TimePadTests */,
			);
			name = TimePadTests;
			packageProductDependencies = (
			);
			productName = TimePadTests;
			productReference = DDEF1D022CA2C1F700B909CE /* TimePadTests.xctest */;
			productType = "com.apple.product-type.bundle.unit-test";
		};
		DDEF1D0B2CA2C1F700B909CE /* TimePadUITests */ = {
			isa = PBXNativeTarget;
			buildConfigurationList = DDEF1D1D2CA2C1F700B909CE /* Build configuration list for PBXNativeTarget "TimePadUITests" */;
			buildPhases = (
				DDEF1D082CA2C1F700B909CE /* Sources */,
				DDEF1D092CA2C1F700B909CE /* Frameworks */,
				DDEF1D0A2CA2C1F700B909CE /* Resources */,
			);
			buildRules = (
			);
			dependencies = (
				DDEF1D0E2CA2C1F700B909CE /* PBXTargetDependency */,
			);
			fileSystemSynchronizedGroups = (
				DDEF1D0F2CA2C1F700B909CE /* TimePadUITests */,
			);
			name = TimePadUITests;
			packageProductDependencies = (
			);
			productName = TimePadUITests;
			productReference = DDEF1D0C2CA2C1F700B909CE /* TimePadUITests.xctest */;
			productType = "com.apple.product-type.bundle.ui-testing";
		};
/* End PBXNativeTarget section */

/* Begin PBXProject section */
		DDEF1CE42CA2C1F600B909CE /* Project object */ = {
			isa = PBXProject;
			attributes = {
				BuildIndependentTargetsInParallel = 1;
				LastSwiftUpdateCheck = 1600;
				LastUpgradeCheck = 1600;
				TargetAttributes = {
					DDEF1CEB2CA2C1F600B909CE = {
						CreatedOnToolsVersion = 16.0;
					};
					DDEF1D012CA2C1F700B909CE = {
						CreatedOnToolsVersion = 16.0;
						TestTargetID = DDEF1CEB2CA2C1F600B909CE;
					};
					DDEF1D0B2CA2C1F700B909CE = {
						CreatedOnToolsVersion = 16.0;
						TestTargetID = DDEF1CEB2CA2C1F600B909CE;
					};
				};
			};
			buildConfigurationList = DDEF1CE72CA2C1F600B909CE /* Build configuration list for PBXProject "TimePad" */;
			developmentRegion = en;
			hasScannedForEncodings = 0;
			knownRegions = (
				en,
				Base,
			);
			mainGroup = DDEF1CE32CA2C1F600B909CE;
			minimizedProjectReferenceProxies = 1;
			packageReferences = (
				DD6BEA6D2CE3D782001262E3 /* XCRemoteSwiftPackageReference "Inject" */,
				DDA28F342CECDAEE003DC47E /* XCRemoteSwiftPackageReference "FSCalendar" */,
			);
			preferredProjectObjectVersion = 77;
			productRefGroup = DDEF1CED2CA2C1F600B909CE /* Products */;
			projectDirPath = "";
			projectRoot = "";
			targets = (
				DDEF1CEB2CA2C1F600B909CE /* TimePad */,
				DDEF1D012CA2C1F700B909CE /* TimePadTests */,
				DDEF1D0B2CA2C1F700B909CE /* TimePadUITests */,
			);
		};
/* End PBXProject section */

/* Begin PBXResourcesBuildPhase section */
		DDEF1CEA2CA2C1F600B909CE /* Resources */ = {
			isa = PBXResourcesBuildPhase;
			buildActionMask = 2147483647;
			files = (
			);
			runOnlyForDeploymentPostprocessing = 0;
		};
		DDEF1D002CA2C1F700B909CE /* Resources */ = {
			isa = PBXResourcesBuildPhase;
			buildActionMask = 2147483647;
			files = (
			);
			runOnlyForDeploymentPostprocessing = 0;
		};
		DDEF1D0A2CA2C1F700B909CE /* Resources */ = {
			isa = PBXResourcesBuildPhase;
			buildActionMask = 2147483647;
			files = (
			);
			runOnlyForDeploymentPostprocessing = 0;
		};
/* End PBXResourcesBuildPhase section */

/* Begin PBXSourcesBuildPhase section */
		DDEF1CE82CA2C1F600B909CE /* Sources */ = {
			isa = PBXSourcesBuildPhase;
			buildActionMask = 2147483647;
			files = (
			);
			runOnlyForDeploymentPostprocessing = 0;
		};
		DDEF1CFE2CA2C1F700B909CE /* Sources */ = {
			isa = PBXSourcesBuildPhase;
			buildActionMask = 2147483647;
			files = (
			);
			runOnlyForDeploymentPostprocessing = 0;
		};
		DDEF1D082CA2C1F700B909CE /* Sources */ = {
			isa = PBXSourcesBuildPhase;
			buildActionMask = 2147483647;
			files = (
			);
			runOnlyForDeploymentPostprocessing = 0;
		};
/* End PBXSourcesBuildPhase section */

/* Begin PBXTargetDependency section */
		DDEF1D042CA2C1F700B909CE /* PBXTargetDependency */ = {
			isa = PBXTargetDependency;
			target = DDEF1CEB2CA2C1F600B909CE /* TimePad */;
			targetProxy = DDEF1D032CA2C1F700B909CE /* PBXContainerItemProxy */;
		};
		DDEF1D0E2CA2C1F700B909CE /* PBXTargetDependency */ = {
			isa = PBXTargetDependency;
			target = DDEF1CEB2CA2C1F600B909CE /* TimePad */;
			targetProxy = DDEF1D0D2CA2C1F700B909CE /* PBXContainerItemProxy */;
		};
/* End PBXTargetDependency section */

/* Begin XCBuildConfiguration section */
		DDEF1D162CA2C1F700B909CE /* Debug */ = {
			isa = XCBuildConfiguration;
			buildSettings = {
				ASSETCATALOG_COMPILER_APPICON_NAME = AppIcon;
				ASSETCATALOG_COMPILER_GLOBAL_ACCENT_COLOR_NAME = AccentColor;
				ASSETCATALOG_COMPILER_INCLUDE_ALL_APPICON_ASSETS = NO;
				CODE_SIGN_IDENTITY = "Apple Development";
				"CODE_SIGN_IDENTITY[sdk=iphoneos*]" = "iPhone Distribution";
				CODE_SIGN_STYLE = Manual;
				CURRENT_PROJECT_VERSION = 1;
				DEVELOPMENT_TEAM = "";
				"DEVELOPMENT_TEAM[sdk=iphoneos*]" = UJ5B8627LA;
				GENERATE_INFOPLIST_FILE = YES;
				INFOPLIST_FILE = TimePad/Info.plist;
				INFOPLIST_KEY_CFBundleDisplayName = "Working Pad";
				INFOPLIST_KEY_LSApplicationCategoryType = "public.app-category.productivity";
				INFOPLIST_KEY_UIApplicationSupportsIndirectInputEvents = YES;
				INFOPLIST_KEY_UILaunchStoryboardName = LaunchScreen;
				INFOPLIST_KEY_UISupportedInterfaceOrientations = UIInterfaceOrientationPortrait;
				INFOPLIST_KEY_UISupportedInterfaceOrientations_iPad = "UIInterfaceOrientationLandscapeLeft UIInterfaceOrientationLandscapeRight UIInterfaceOrientationPortrait UIInterfaceOrientationPortraitUpsideDown";
				INFOPLIST_KEY_UIUserInterfaceStyle = Dark;
				IPHONEOS_DEPLOYMENT_TARGET = 15.6;
				LD_RUNPATH_SEARCH_PATHS = (
					"$(inherited)",
					"@executable_path/Frameworks",
				);
				MARKETING_VERSION = 1.0;
				PRODUCT_BUNDLE_IDENTIFIER = First.TimePad;
				PRODUCT_NAME = "$(TARGET_NAME)";
				PROVISIONING_PROFILE_SPECIFIER = "";
				"PROVISIONING_PROFILE_SPECIFIER[sdk=iphoneos*]" = TimePad;
				SUPPORTED_PLATFORMS = "iphoneos iphonesimulator";
				SUPPORTS_MACCATALYST = NO;
				SUPPORTS_MAC_DESIGNED_FOR_IPHONE_IPAD = NO;
				SUPPORTS_XR_DESIGNED_FOR_IPHONE_IPAD = NO;
				SWIFT_EMIT_LOC_STRINGS = YES;
				SWIFT_VERSION = 5.0;
				TARGETED_DEVICE_FAMILY = 1;
			};
			name = Debug;
		};
		DDEF1D172CA2C1F700B909CE /* Release */ = {
			isa = XCBuildConfiguration;
			buildSettings = {
				ASSETCATALOG_COMPILER_APPICON_NAME = AppIcon;
				ASSETCATALOG_COMPILER_GLOBAL_ACCENT_COLOR_NAME = AccentColor;
				ASSETCATALOG_COMPILER_INCLUDE_ALL_APPICON_ASSETS = NO;
				CODE_SIGN_IDENTITY = "Apple Development";
				"CODE_SIGN_IDENTITY[sdk=iphoneos*]" = "iPhone Distribution";
				CODE_SIGN_STYLE = Manual;
				CURRENT_PROJECT_VERSION = 1;
				DEVELOPMENT_TEAM = "";
				"DEVELOPMENT_TEAM[sdk=iphoneos*]" = UJ5B8627LA;
				GENERATE_INFOPLIST_FILE = YES;
				INFOPLIST_FILE = TimePad/Info.plist;
				INFOPLIST_KEY_CFBundleDisplayName = "Working Pad";
				INFOPLIST_KEY_LSApplicationCategoryType = "public.app-category.productivity";
				INFOPLIST_KEY_UIApplicationSupportsIndirectInputEvents = YES;
				INFOPLIST_KEY_UILaunchStoryboardName = LaunchScreen;
				INFOPLIST_KEY_UISupportedInterfaceOrientations = UIInterfaceOrientationPortrait;
				INFOPLIST_KEY_UISupportedInterfaceOrientations_iPad = "UIInterfaceOrientationLandscapeLeft UIInterfaceOrientationLandscapeRight UIInterfaceOrientationPortrait UIInterfaceOrientationPortraitUpsideDown";
				INFOPLIST_KEY_UIUserInterfaceStyle = Dark;
				IPHONEOS_DEPLOYMENT_TARGET = 15.6;
				LD_RUNPATH_SEARCH_PATHS = (
					"$(inherited)",
					"@executable_path/Frameworks",
				);
				MARKETING_VERSION = 1.0;
				PRODUCT_BUNDLE_IDENTIFIER = First.TimePad;
				PRODUCT_NAME = "$(TARGET_NAME)";
				PROVISIONING_PROFILE_SPECIFIER = "";
				"PROVISIONING_PROFILE_SPECIFIER[sdk=iphoneos*]" = TimePad;
				SUPPORTED_PLATFORMS = "iphoneos iphonesimulator";
				SUPPORTS_MACCATALYST = NO;
				SUPPORTS_MAC_DESIGNED_FOR_IPHONE_IPAD = NO;
				SUPPORTS_XR_DESIGNED_FOR_IPHONE_IPAD = NO;
				SWIFT_EMIT_LOC_STRINGS = YES;
				SWIFT_VERSION = 5.0;
				TARGETED_DEVICE_FAMILY = 1;
			};
			name = Release;
		};
		DDEF1D182CA2C1F700B909CE /* Debug */ = {
			isa = XCBuildConfiguration;
			buildSettings = {
				ALWAYS_SEARCH_USER_PATHS = NO;
				ASSETCATALOG_COMPILER_GENERATE_SWIFT_ASSET_SYMBOL_EXTENSIONS = YES;
				CLANG_ANALYZER_NONNULL = YES;
				CLANG_ANALYZER_NUMBER_OBJECT_CONVERSION = YES_AGGRESSIVE;
				CLANG_CXX_LANGUAGE_STANDARD = "gnu++20";
				CLANG_ENABLE_MODULES = YES;
				CLANG_ENABLE_OBJC_ARC = YES;
				CLANG_ENABLE_OBJC_WEAK = YES;
				CLANG_WARN_BLOCK_CAPTURE_AUTORELEASING = YES;
				CLANG_WARN_BOOL_CONVERSION = YES;
				CLANG_WARN_COMMA = YES;
				CLANG_WARN_CONSTANT_CONVERSION = YES;
				CLANG_WARN_DEPRECATED_OBJC_IMPLEMENTATIONS = YES;
				CLANG_WARN_DIRECT_OBJC_ISA_USAGE = YES_ERROR;
				CLANG_WARN_DOCUMENTATION_COMMENTS = YES;
				CLANG_WARN_EMPTY_BODY = YES;
				CLANG_WARN_ENUM_CONVERSION = YES;
				CLANG_WARN_INFINITE_RECURSION = YES;
				CLANG_WARN_INT_CONVERSION = YES;
				CLANG_WARN_NON_LITERAL_NULL_CONVERSION = YES;
				CLANG_WARN_OBJC_IMPLICIT_RETAIN_SELF = YES;
				CLANG_WARN_OBJC_LITERAL_CONVERSION = YES;
				CLANG_WARN_OBJC_ROOT_CLASS = YES_ERROR;
				CLANG_WARN_QUOTED_INCLUDE_IN_FRAMEWORK_HEADER = YES;
				CLANG_WARN_RANGE_LOOP_ANALYSIS = YES;
				CLANG_WARN_STRICT_PROTOTYPES = YES;
				CLANG_WARN_SUSPICIOUS_MOVE = YES;
				CLANG_WARN_UNGUARDED_AVAILABILITY = YES_AGGRESSIVE;
				CLANG_WARN_UNREACHABLE_CODE = YES;
				CLANG_WARN__DUPLICATE_METHOD_MATCH = YES;
				COPY_PHASE_STRIP = NO;
				DEBUG_INFORMATION_FORMAT = dwarf;
				ENABLE_STRICT_OBJC_MSGSEND = YES;
				ENABLE_TESTABILITY = YES;
				ENABLE_USER_SCRIPT_SANDBOXING = YES;
				GCC_C_LANGUAGE_STANDARD = gnu17;
				GCC_DYNAMIC_NO_PIC = NO;
				GCC_NO_COMMON_BLOCKS = YES;
				GCC_OPTIMIZATION_LEVEL = 0;
				GCC_PREPROCESSOR_DEFINITIONS = (
					"DEBUG=1",
					"$(inherited)",
				);
				GCC_WARN_64_TO_32_BIT_CONVERSION = YES;
				GCC_WARN_ABOUT_RETURN_TYPE = YES_ERROR;
				GCC_WARN_UNDECLARED_SELECTOR = YES;
				GCC_WARN_UNINITIALIZED_AUTOS = YES_AGGRESSIVE;
				GCC_WARN_UNUSED_FUNCTION = YES;
				GCC_WARN_UNUSED_VARIABLE = YES;
				IPHONEOS_DEPLOYMENT_TARGET = 15.6;
				LOCALIZATION_PREFERS_STRING_CATALOGS = YES;
				MTL_ENABLE_DEBUG_INFO = INCLUDE_SOURCE;
				MTL_FAST_MATH = YES;
				ONLY_ACTIVE_ARCH = YES;
				OTHER_LDFLAGS = (
					"-Xlinker",
					"-interposable",
				);
				SDKROOT = iphoneos;
				SWIFT_ACTIVE_COMPILATION_CONDITIONS = "DEBUG $(inherited)";
				SWIFT_OPTIMIZATION_LEVEL = "-Onone";
			};
			name = Debug;
		};
		DDEF1D192CA2C1F700B909CE /* Release */ = {
			isa = XCBuildConfiguration;
			buildSettings = {
				ALWAYS_SEARCH_USER_PATHS = NO;
				ASSETCATALOG_COMPILER_GENERATE_SWIFT_ASSET_SYMBOL_EXTENSIONS = YES;
				CLANG_ANALYZER_NONNULL = YES;
				CLANG_ANALYZER_NUMBER_OBJECT_CONVERSION = YES_AGGRESSIVE;
				CLANG_CXX_LANGUAGE_STANDARD = "gnu++20";
				CLANG_ENABLE_MODULES = YES;
				CLANG_ENABLE_OBJC_ARC = YES;
				CLANG_ENABLE_OBJC_WEAK = YES;
				CLANG_WARN_BLOCK_CAPTURE_AUTORELEASING = YES;
				CLANG_WARN_BOOL_CONVERSION = YES;
				CLANG_WARN_COMMA = YES;
				CLANG_WARN_CONSTANT_CONVERSION = YES;
				CLANG_WARN_DEPRECATED_OBJC_IMPLEMENTATIONS = YES;
				CLANG_WARN_DIRECT_OBJC_ISA_USAGE = YES_ERROR;
				CLANG_WARN_DOCUMENTATION_COMMENTS = YES;
				CLANG_WARN_EMPTY_BODY = YES;
				CLANG_WARN_ENUM_CONVERSION = YES;
				CLANG_WARN_INFINITE_RECURSION = YES;
				CLANG_WARN_INT_CONVERSION = YES;
				CLANG_WARN_NON_LITERAL_NULL_CONVERSION = YES;
				CLANG_WARN_OBJC_IMPLICIT_RETAIN_SELF = YES;
				CLANG_WARN_OBJC_LITERAL_CONVERSION = YES;
				CLANG_WARN_OBJC_ROOT_CLASS = YES_ERROR;
				CLANG_WARN_QUOTED_INCLUDE_IN_FRAMEWORK_HEADER = YES;
				CLANG_WARN_RANGE_LOOP_ANALYSIS = YES;
				CLANG_WARN_STRICT_PROTOTYPES = YES;
				CLANG_WARN_SUSPICIOUS_MOVE = YES;
				CLANG_WARN_UNGUARDED_AVAILABILITY = YES_AGGRESSIVE;
				CLANG_WARN_UNREACHABLE_CODE = YES;
				CLANG_WARN__DUPLICATE_METHOD_MATCH = YES;
				COPY_PHASE_STRIP = NO;
				DEBUG_INFORMATION_FORMAT = "dwarf-with-dsym";
				ENABLE_NS_ASSERTIONS = NO;
				ENABLE_STRICT_OBJC_MSGSEND = YES;
				ENABLE_USER_SCRIPT_SANDBOXING = YES;
				GCC_C_LANGUAGE_STANDARD = gnu17;
				GCC_NO_COMMON_BLOCKS = YES;
				GCC_WARN_64_TO_32_BIT_CONVERSION = YES;
				GCC_WARN_ABOUT_RETURN_TYPE = YES_ERROR;
				GCC_WARN_UNDECLARED_SELECTOR = YES;
				GCC_WARN_UNINITIALIZED_AUTOS = YES_AGGRESSIVE;
				GCC_WARN_UNUSED_FUNCTION = YES;
				GCC_WARN_UNUSED_VARIABLE = YES;
				IPHONEOS_DEPLOYMENT_TARGET = 15.6;
				LOCALIZATION_PREFERS_STRING_CATALOGS = YES;
				MTL_ENABLE_DEBUG_INFO = NO;
				MTL_FAST_MATH = YES;
				SDKROOT = iphoneos;
				SWIFT_COMPILATION_MODE = wholemodule;
				VALIDATE_PRODUCT = YES;
			};
			name = Release;
		};
		DDEF1D1B2CA2C1F700B909CE /* Debug */ = {
			isa = XCBuildConfiguration;
			buildSettings = {
				BUNDLE_LOADER = "$(TEST_HOST)";
				CODE_SIGN_STYLE = Automatic;
				CURRENT_PROJECT_VERSION = 1;
				DEVELOPMENT_TEAM = UJ5B8627LA;
				GENERATE_INFOPLIST_FILE = YES;
				IPHONEOS_DEPLOYMENT_TARGET = 15.6;
				MARKETING_VERSION = 1.0;
				PRODUCT_BUNDLE_IDENTIFIER = First.TimePadTests;
				PRODUCT_NAME = "$(TARGET_NAME)";
				SUPPORTED_PLATFORMS = "iphoneos iphonesimulator";
				SUPPORTS_MACCATALYST = NO;
				SUPPORTS_MAC_DESIGNED_FOR_IPHONE_IPAD = NO;
				SUPPORTS_XR_DESIGNED_FOR_IPHONE_IPAD = NO;
				SWIFT_EMIT_LOC_STRINGS = NO;
				SWIFT_VERSION = 5.0;
				TARGETED_DEVICE_FAMILY = 1;
				TEST_HOST = "$(BUILT_PRODUCTS_DIR)/TimePad.app/$(BUNDLE_EXECUTABLE_FOLDER_PATH)/TimePad";
			};
			name = Debug;
		};
		DDEF1D1C2CA2C1F700B909CE /* Release */ = {
			isa = XCBuildConfiguration;
			buildSettings = {
				BUNDLE_LOADER = "$(TEST_HOST)";
				CODE_SIGN_STYLE = Automatic;
				CURRENT_PROJECT_VERSION = 1;
				DEVELOPMENT_TEAM = UJ5B8627LA;
				GENERATE_INFOPLIST_FILE = YES;
				IPHONEOS_DEPLOYMENT_TARGET = 15.6;
				MARKETING_VERSION = 1.0;
				PRODUCT_BUNDLE_IDENTIFIER = First.TimePadTests;
				PRODUCT_NAME = "$(TARGET_NAME)";
				SUPPORTED_PLATFORMS = "iphoneos iphonesimulator";
				SUPPORTS_MACCATALYST = NO;
				SUPPORTS_MAC_DESIGNED_FOR_IPHONE_IPAD = NO;
				SUPPORTS_XR_DESIGNED_FOR_IPHONE_IPAD = NO;
				SWIFT_EMIT_LOC_STRINGS = NO;
				SWIFT_VERSION = 5.0;
				TARGETED_DEVICE_FAMILY = 1;
				TEST_HOST = "$(BUILT_PRODUCTS_DIR)/TimePad.app/$(BUNDLE_EXECUTABLE_FOLDER_PATH)/TimePad";
			};
			name = Release;
		};
		DDEF1D1E2CA2C1F700B909CE /* Debug */ = {
			isa = XCBuildConfiguration;
			buildSettings = {
				CODE_SIGN_STYLE = Automatic;
				CURRENT_PROJECT_VERSION = 1;
				GENERATE_INFOPLIST_FILE = YES;
				MARKETING_VERSION = 1.0;
				PRODUCT_BUNDLE_IDENTIFIER = First.TimePadUITests;
				PRODUCT_NAME = "$(TARGET_NAME)";
				SWIFT_EMIT_LOC_STRINGS = NO;
				SWIFT_VERSION = 5.0;
				TARGETED_DEVICE_FAMILY = "1,2";
				TEST_TARGET_NAME = TimePad;
			};
			name = Debug;
		};
		DDEF1D1F2CA2C1F700B909CE /* Release */ = {
			isa = XCBuildConfiguration;
			buildSettings = {
				CODE_SIGN_STYLE = Automatic;
				CURRENT_PROJECT_VERSION = 1;
				GENERATE_INFOPLIST_FILE = YES;
				MARKETING_VERSION = 1.0;
				PRODUCT_BUNDLE_IDENTIFIER = First.TimePadUITests;
				PRODUCT_NAME = "$(TARGET_NAME)";
				SWIFT_EMIT_LOC_STRINGS = NO;
				SWIFT_VERSION = 5.0;
				TARGETED_DEVICE_FAMILY = "1,2";
				TEST_TARGET_NAME = TimePad;
			};
			name = Release;
		};
/* End XCBuildConfiguration section */

/* Begin XCConfigurationList section */
		DDEF1CE72CA2C1F600B909CE /* Build configuration list for PBXProject "TimePad" */ = {
			isa = XCConfigurationList;
			buildConfigurations = (
				DDEF1D182CA2C1F700B909CE /* Debug */,
				DDEF1D192CA2C1F700B909CE /* Release */,
			);
			defaultConfigurationIsVisible = 0;
			defaultConfigurationName = Release;
		};
		DDEF1D152CA2C1F700B909CE /* Build configuration list for PBXNativeTarget "TimePad" */ = {
			isa = XCConfigurationList;
			buildConfigurations = (
				DDEF1D162CA2C1F700B909CE /* Debug */,
				DDEF1D172CA2C1F700B909CE /* Release */,
			);
			defaultConfigurationIsVisible = 0;
			defaultConfigurationName = Release;
		};
		DDEF1D1A2CA2C1F700B909CE /* Build configuration list for PBXNativeTarget "TimePadTests" */ = {
			isa = XCConfigurationList;
			buildConfigurations = (
				DDEF1D1B2CA2C1F700B909CE /* Debug */,
				DDEF1D1C2CA2C1F700B909CE /* Release */,
			);
			defaultConfigurationIsVisible = 0;
			defaultConfigurationName = Release;
		};
		DDEF1D1D2CA2C1F700B909CE /* Build configuration list for PBXNativeTarget "TimePadUITests" */ = {
			isa = XCConfigurationList;
			buildConfigurations = (
				DDEF1D1E2CA2C1F700B909CE /* Debug */,
				DDEF1D1F2CA2C1F700B909CE /* Release */,
			);
			defaultConfigurationIsVisible = 0;
			defaultConfigurationName = Release;
		};
/* End XCConfigurationList section */

/* Begin XCRemoteSwiftPackageReference section */
		DD6BEA6D2CE3D782001262E3 /* XCRemoteSwiftPackageReference "Inject" */ = {
			isa = XCRemoteSwiftPackageReference;
			repositoryURL = "https://github.com/krzysztofzablocki/Inject";
			requirement = {
				kind = upToNextMajorVersion;
				minimumVersion = 1.5.2;
			};
		};
		DDA28F342CECDAEE003DC47E /* XCRemoteSwiftPackageReference "FSCalendar" */ = {
			isa = XCRemoteSwiftPackageReference;
			repositoryURL = "https://github.com/WenchaoD/FSCalendar.git";
			requirement = {
				kind = upToNextMajorVersion;
				minimumVersion = 2.8.4;
			};
		};
/* End XCRemoteSwiftPackageReference section */

/* Begin XCSwiftPackageProductDependency section */
		DD6BEA6E2CE3D782001262E3 /* Inject */ = {
			isa = XCSwiftPackageProductDependency;
			package = DD6BEA6D2CE3D782001262E3 /* XCRemoteSwiftPackageReference "Inject" */;
			productName = Inject;
		};
		DDA28F352CECDAEE003DC47E /* FSCalendar */ = {
			isa = XCSwiftPackageProductDependency;
			package = DDA28F342CECDAEE003DC47E /* XCRemoteSwiftPackageReference "FSCalendar" */;
			productName = FSCalendar;
		};
/* End XCSwiftPackageProductDependency section */
	};
	rootObject = DDEF1CE42CA2C1F600B909CE /* Project object */;
}
